
Microsoft Visual Studio Solution File, Format Version 12.00
# Visual Studio Version 17
VisualStudioVersion = 17.3.32929.385
MinimumVisualStudioVersion = 10.0.40219.1
Project("{9A19103F-16F7-4668-BE54-9A1E7A4F7556}") = "Visma.Loan.Api", "Visma.Loan.Api\Visma.Loan.Api.csproj", "{9949DF81-999D-42E5-8097-147765E3C9DA}"
EndProject
Project("{9A19103F-16F7-4668-BE54-9A1E7A4F7556}") = "Visma.Loan.Domain", "Visma.Loan.Domain\Visma.Loan.Domain.csproj", "{4FF4D3B0-92E9-4450-9792-04A748D42C04}"
EndProject
Project("{9A19103F-16F7-4668-BE54-9A1E7A4F7556}") = "Visma.Loan.Application", "Visma.Loan.Application\Visma.Loan.Application.csproj", "{3EA8A607-D84D-47DC-AB22-8998E0158DDD}"
EndProject
Project("{9A19103F-16F7-4668-BE54-9A1E7A4F7556}") = "Visma.Loan.Infrastructure", "Visma.Loan.Infrastructure\Visma.Loan.Infrastructure.csproj", "{183730A6-2803-48B5-B6DC-06025F869EBE}"
EndProject
Project("{2150E333-8FDC-42A3-9474-1A3956D46DE8}") = "Tests", "Tests", "{2E7A202D-E938-46B6-81A8-6FF34F9D3015}"
EndProject
Project("{54A90642-561A-4BB1-A94E-469ADEE60C69}") = "visma-loan-app", "visma-loan-app\visma-loan-app.esproj", "{1A0B424D-8E92-499D-8091-A547B04C0FE6}"
EndProject
Global
	GlobalSection(SolutionConfigurationPlatforms) = preSolution
		Debug|Any CPU = Debug|Any CPU
		Release|Any CPU = Release|Any CPU
	EndGlobalSection
	GlobalSection(ProjectConfigurationPlatforms) = postSolution
		{9949DF81-999D-42E5-8097-147765E3C9DA}.Debug|Any CPU.ActiveCfg = Debug|Any CPU
		{9949DF81-999D-42E5-8097-147765E3C9DA}.Debug|Any CPU.Build.0 = Debug|Any CPU
		{9949DF81-999D-42E5-8097-147765E3C9DA}.Release|Any CPU.ActiveCfg = Release|Any CPU
		{9949DF81-999D-42E5-8097-147765E3C9DA}.Release|Any CPU.Build.0 = Release|Any CPU
		{4FF4D3B0-92E9-4450-9792-04A748D42C04}.Debug|Any CPU.ActiveCfg = Debug|Any CPU
		{4FF4D3B0-92E9-4450-9792-04A748D42C04}.Debug|Any CPU.Build.0 = Debug|Any CPU
		{4FF4D3B0-92E9-4450-9792-04A748D42C04}.Release|Any CPU.ActiveCfg = Release|Any CPU
		{4FF4D3B0-92E9-4450-9792-04A748D42C04}.Release|Any CPU.Build.0 = Release|Any CPU
		{3EA8A607-D84D-47DC-AB22-8998E0158DDD}.Debug|Any CPU.ActiveCfg = Debug|Any CPU
		{3EA8A607-D84D-47DC-AB22-8998E0158DDD}.Debug|Any CPU.Build.0 = Debug|Any CPU
		{3EA8A607-D84D-47DC-AB22-8998E0158DDD}.Release|Any CPU.ActiveCfg = Release|Any CPU
		{3EA8A607-D84D-47DC-AB22-8998E0158DDD}.Release|Any CPU.Build.0 = Release|Any CPU
		{183730A6-2803-48B5-B6DC-06025F869EBE}.Debug|Any CPU.ActiveCfg = Debug|Any CPU
		{183730A6-2803-48B5-B6DC-06025F869EBE}.Debug|Any CPU.Build.0 = Debug|Any CPU
		{183730A6-2803-48B5-B6DC-06025F869EBE}.Release|Any CPU.ActiveCfg = Release|Any CPU
		{183730A6-2803-48B5-B6DC-06025F869EBE}.Release|Any CPU.Build.0 = Release|Any CPU
		{1A0B424D-8E92-499D-8091-A547B04C0FE6}.Debug|Any CPU.ActiveCfg = Debug|Any CPU
		{1A0B424D-8E92-499D-8091-A547B04C0FE6}.Debug|Any CPU.Build.0 = Debug|Any CPU
		{1A0B424D-8E92-499D-8091-A547B04C0FE6}.Debug|Any CPU.Deploy.0 = Debug|Any CPU
		{1A0B424D-8E92-499D-8091-A547B04C0FE6}.Release|Any CPU.ActiveCfg = Release|Any CPU
		{1A0B424D-8E92-499D-8091-A547B04C0FE6}.Release|Any CPU.Build.0 = Release|Any CPU
		{1A0B424D-8E92-499D-8091-A547B04C0FE6}.Release|Any CPU.Deploy.0 = Release|Any CPU
	EndGlobalSection
	GlobalSection(SolutionProperties) = preSolution
		HideSolutionNode = FALSE
	EndGlobalSection
	GlobalSection(ExtensibilityGlobals) = postSolution
		SolutionGuid = {9341AE06-1B01-4D12-A197-E70789D1D8E0}
	EndGlobalSection
EndGlobal
